
Microsoft Visual Studio Solution File, Format Version 12.00
# Visual Studio 15
Project("{FAE04EC0-301F-11D3-BF4B-00C04F79EFBC}") = "Assembly-CSharp", "Assembly-CSharp.csproj", "{5B9A0503-C6AB-FC52-0BAF-95E830478C10}"
EndProject
Project("{FAE04EC0-301F-11D3-BF4B-00C04F79EFBC}") = "Assembly-CSharp-Editor", "Assembly-CSharp-Editor.csproj", "{9210581B-6388-D147-0422-E353BFB6ABA0}"
EndProject
Global
	GlobalSection(SolutionConfigurationPlatforms) = preSolution
		Debug|Any CPU = Debug|Any CPU
		Release|Any CPU = Release|Any CPU
	EndGlobalSection
	GlobalSection(ProjectConfigurationPlatforms) = postSolution
		{5B9A0503-C6AB-FC52-0BAF-95E830478C10}.Debug|Any CPU.ActiveCfg = Debug|Any CPU
		{5B9A0503-C6AB-FC52-0BAF-95E830478C10}.Debug|Any CPU.Build.0 = Debug|Any CPU
		{5B9A0503-C6AB-FC52-0BAF-95E830478C10}.Release|Any CPU.ActiveCfg = Release|Any CPU
		{5B9A0503-C6AB-FC52-0BAF-95E830478C10}.Release|Any CPU.Build.0 = Release|Any CPU
		{9210581B-6388-D147-0422-E353BFB6ABA0}.Debug|Any CPU.ActiveCfg = Debug|Any CPU
		{9210581B-6388-D147-0422-E353BFB6ABA0}.Debug|Any CPU.Build.0 = Debug|Any CPU
		{9210581B-6388-D147-0422-E353BFB6ABA0}.Release|Any CPU.ActiveCfg = Release|Any CPU
		{9210581B-6388-D147-0422-E353BFB6ABA0}.Release|Any CPU.Build.0 = Release|Any CPU
	EndGlobalSection
	GlobalSection(SolutionProperties) = preSolution
		HideSolutionNode = FALSE
	EndGlobalSection
EndGlobal
